
Microsoft Visual Studio Solution File, Format Version 12.00
# Visual Studio Version 17
VisualStudioVersion = 17.10.34916.146
MinimumVisualStudioVersion = 10.0.40219.1
Project("{FAE04EC0-301F-11D3-BF4B-00C04F79EFBC}") = "project", "project\project.csproj", "{66040DC6-59DD-440B-8DFF-25DB71F78A41}"
EndProject
Global
	GlobalSection(SolutionConfigurationPlatforms) = preSolution
		Debug|Any CPU = Debug|Any CPU
		Release|Any CPU = Release|Any CPU
	EndGlobalSection
	GlobalSection(ProjectConfigurationPlatforms) = postSolution
		{66040DC6-59DD-440B-8DFF-25DB71F78A41}.Debug|Any CPU.ActiveCfg = Debug|Any CPU
		{66040DC6-59DD-440B-8DFF-25DB71F78A41}.Debug|Any CPU.Build.0 = Debug|Any CPU
		{66040DC6-59DD-440B-8DFF-25DB71F78A41}.Release|Any CPU.ActiveCfg = Release|Any CPU
		{66040DC6-59DD-440B-8DFF-25DB71F78A41}.Release|Any CPU.Build.0 = Release|Any CPU
	EndGlobalSection
	GlobalSection(SolutionProperties) = preSolution
		HideSolutionNode = FALSE
	EndGlobalSection
	GlobalSection(ExtensibilityGlobals) = postSolution
		SolutionGuid = {366368A2-F80A-4F25-BAC6-FB38CBCD7A05}
	EndGlobalSection
EndGlobal
